
Microsoft Visual Studio Solution File, Format Version 12.00
# Visual Studio 15
VisualStudioVersion = 15.0.27004.2006
MinimumVisualStudioVersion = 10.0.40219.1
Project("{FAE04EC0-301F-11D3-BF4B-00C04F79EFBC}") = "WebApplicationService", "WebApplicationService\WebApplicationService.csproj", "{46069DDA-CA78-4FDB-A23F-68E2382BC3F9}"
EndProject
Global
	GlobalSection(SolutionConfigurationPlatforms) = preSolution
		Debug|Any CPU = Debug|Any CPU
		Release|Any CPU = Release|Any CPU
	EndGlobalSection
	GlobalSection(ProjectConfigurationPlatforms) = postSolution
		{46069DDA-CA78-4FDB-A23F-68E2382BC3F9}.Debug|Any CPU.ActiveCfg = Debug|Any CPU
		{46069DDA-CA78-4FDB-A23F-68E2382BC3F9}.Debug|Any CPU.Build.0 = Debug|Any CPU
		{46069DDA-CA78-4FDB-A23F-68E2382BC3F9}.Release|Any CPU.ActiveCfg = Release|Any CPU
		{46069DDA-CA78-4FDB-A23F-68E2382BC3F9}.Release|Any CPU.Build.0 = Release|Any CPU
	EndGlobalSection
	GlobalSection(SolutionProperties) = preSolution
		HideSolutionNode = FALSE
	EndGlobalSection
	GlobalSection(ExtensibilityGlobals) = postSolution
		SolutionGuid = {EAD7DC49-6CD8-4B48-93D5-F14F296B37F4}
	EndGlobalSection
EndGlobal
